github.com/WilliBuli17/go-say-hallo v1.5.0 h1:mhV08ph/1PQiiNlcnPBrXpMOBKvU7csZJxgXQ3SUL2M=
github.com/WilliBuli17/go-say-hallo v1.5.0/go.mod h1:fiZBB8f3dyYifDSV3GtNRKsLY5gn3f3Vu1nISaSEQgU=
github.com/WilliBuli17/go-say-hallo/v2 v2.0.0 h1:RDg2N9qs9gzLyiKGdicCdv33/nuwjE5/AmkunTuNYYA=
github.com/WilliBuli17/go-say-hallo/v2 v2.0.0/go.mod h1:nIsR8+Px7ulPFC2lyQnN5FCwaT4xDioGMSSjJEwILdo=
